
Microsoft Visual Studio Solution File, Format Version 12.00
# Visual Studio Version 16
VisualStudioVersion = 16.0.30523.141
MinimumVisualStudioVersion = 10.0.40219.1
Project("{FAE04EC0-301F-11D3-BF4B-00C04F79EFBC}") = "PruebaTecnicaTata", "PruebaTecnicaTata\PruebaTecnicaTata.csproj", "{1F921398-DF33-4365-A6C3-72D1F3D3326B}"
EndProject
Global
	GlobalSection(SolutionConfigurationPlatforms) = preSolution
		Debug|Any CPU = Debug|Any CPU
		Release|Any CPU = Release|Any CPU
	EndGlobalSection
	GlobalSection(ProjectConfigurationPlatforms) = postSolution
		{1F921398-DF33-4365-A6C3-72D1F3D3326B}.Debug|Any CPU.ActiveCfg = Debug|Any CPU
		{1F921398-DF33-4365-A6C3-72D1F3D3326B}.Debug|Any CPU.Build.0 = Debug|Any CPU
		{1F921398-DF33-4365-A6C3-72D1F3D3326B}.Release|Any CPU.ActiveCfg = Release|Any CPU
		{1F921398-DF33-4365-A6C3-72D1F3D3326B}.Release|Any CPU.Build.0 = Release|Any CPU
	EndGlobalSection
	GlobalSection(SolutionProperties) = preSolution
		HideSolutionNode = FALSE
	EndGlobalSection
	GlobalSection(ExtensibilityGlobals) = postSolution
		SolutionGuid = {813C64F4-196D-481D-8D5B-8557D36C7DD9}
	EndGlobalSection
EndGlobal
